{
  "name": "flow",
  "version": "1.0.0",
  "lockfileVersion": 1,
  "requires": true,
  "dependencies": {
    "flow-bin": {
      "version": "0.122.0",
      "resolved": "https://registry.npmjs.org/flow-bin/-/flow-bin-0.122.0.tgz",
      "integrity": "sha512-my8N5jgl/A+UVby9E7NDppHdhLgRbWgKbmFZSx2MSYMRh3d9YGnM2MM+wexpUpl0ftY1IM6ZcUwaAhrypLyvlA==",
      "dev": true
    }
  }
}
