{
  "name": "mostly-adequate-guide",
  "version": "1.0.0",
  "lockfileVersion": 1,
  "requires": true,
  "dependencies": {
    "data.task": {
      "version": "3.1.2",
      "resolved": "https://registry.npmjs.org/data.task/-/data.task-3.1.2.tgz",
      "integrity": "sha512-gGDjno8m/FS1kdMU3EmKcLaO1enFyfCV/EscvDZ4+KZDSg9xHePa2VFfWd+QO5PUp18NdCIziOpaSUE4Efw8/w=="
    },
    "folktale": {
      "version": "2.3.2",
      "resolved": "https://registry.npmjs.org/folktale/-/folktale-2.3.2.tgz",
      "integrity": "sha512-+8GbtQBwEqutP0v3uajDDoN64K2ehmHd0cjlghhxh0WpcfPzAIjPA03e1VvHlxL02FVGR0A6lwXsNQKn3H1RNQ=="
    },
    "moment": {
      "version": "2.29.1",
      "resolved": "https://registry.npmjs.org/moment/-/moment-2.29.1.tgz",
      "integrity": "sha512-kHmoybcPV8Sqy59DwNDY3Jefr64lK/by/da0ViFcuA4DH0vQg5Q6Ze5VimxkfQNSC+Mls/Kx53s7TjP1RhFEDQ=="
    },
    "ramda": {
      "version": "0.27.1",
      "resolved": "https://registry.npmjs.org/ramda/-/ramda-0.27.1.tgz",
      "integrity": "sha512-PgIdVpn5y5Yns8vqb8FzBUEYn98V3xcPgawAkkgj0YJ0qDsnHCiNmZYfOGMgOvoB0eWFLpYbhxUR3mxfDIMvpw=="
    },
    "ramda-fantasy": {
      "version": "0.8.0",
      "resolved": "https://registry.npmjs.org/ramda-fantasy/-/ramda-fantasy-0.8.0.tgz",
      "integrity": "sha1-now32T7ApweWz8EIc92cUIUDkPY=",
      "requires": {
        "ramda": ">=0.15.0"
      }
    }
  }
}
